// !$*UTF8*$!
{
	archiveVersion = 1;
	classes = {
	};
	objectVersion = 46;
	objects = {

/* Begin PBXBuildFile section */
		8441B4581E4F0D220072C8C5 /* testNotificationViewController.swift in Sources */ = {isa = PBXBuildFile; fileRef = 8441B4571E4F0D220072C8C5 /* testNotificationViewController.swift */; };
		844418B41E3A6A23000DF349 /* SignupViewController.swift in Sources */ = {isa = PBXBuildFile; fileRef = 844418B31E3A6A23000DF349 /* SignupViewController.swift */; };
		844418B61E3A6AE7000DF349 /* SigninViewController.swift in Sources */ = {isa = PBXBuildFile; fileRef = 844418B51E3A6AE7000DF349 /* SigninViewController.swift */; };
		844418B81E3A7D15000DF349 /* ProfileViewController.swift in Sources */ = {isa = PBXBuildFile; fileRef = 844418B71E3A7D15000DF349 /* ProfileViewController.swift */; };
		84690E061E6130840038C490 /* ProfileUserViewController.swift in Sources */ = {isa = PBXBuildFile; fileRef = 84690E051E6130840038C490 /* ProfileUserViewController.swift */; };
		84690E081E613E120038C490 /* StatusMoneyTableViewCell.swift in Sources */ = {isa = PBXBuildFile; fileRef = 84690E071E613E120038C490 /* StatusMoneyTableViewCell.swift */; };
		84690E0A1E61437D0038C490 /* MoneyData.swift in Sources */ = {isa = PBXBuildFile; fileRef = 84690E091E61437D0038C490 /* MoneyData.swift */; };
		84690E0C1E6161290038C490 /* AddNameTargetViewController.swift in Sources */ = {isa = PBXBuildFile; fileRef = 84690E0B1E6161290038C490 /* AddNameTargetViewController.swift */; };
		8481A7A31E5E1161003F0ADB /* Const.swift in Sources */ = {isa = PBXBuildFile; fileRef = 8481A7A21E5E1161003F0ADB /* Const.swift */; };
		8481A7A51E5E140C003F0ADB /* MessageData.swift in Sources */ = {isa = PBXBuildFile; fileRef = 8481A7A41E5E140C003F0ADB /* MessageData.swift */; };
		84B822311E240B5C004D58F7 /* AppDelegate.swift in Sources */ = {isa = PBXBuildFile; fileRef = 84B822301E240B5C004D58F7 /* AppDelegate.swift */; };
		84B822331E240B5C004D58F7 /* ViewController.swift in Sources */ = {isa = PBXBuildFile; fileRef = 84B822321E240B5C004D58F7 /* ViewController.swift */; };
		84B822361E240B5C004D58F7 /* Main.storyboard in Resources */ = {isa = PBXBuildFile; fileRef = 84B822341E240B5C004D58F7 /* Main.storyboard */; };
		84B822381E240B5C004D58F7 /* Assets.xcassets in Resources */ = {isa = PBXBuildFile; fileRef = 84B822371E240B5C004D58F7 /* Assets.xcassets */; };
		84B8223B1E240B5C004D58F7 /* LaunchScreen.storyboard in Resources */ = {isa = PBXBuildFile; fileRef = 84B822391E240B5C004D58F7 /* LaunchScreen.storyboard */; };
		84B822431E240C54004D58F7 /* GoogleService-Info.plist in Resources */ = {isa = PBXBuildFile; fileRef = 84B822421E240C54004D58F7 /* GoogleService-Info.plist */; };
		84B822451E24112B004D58F7 /* AdSupport.framework in Frameworks */ = {isa = PBXBuildFile; fileRef = 84B822441E24112B004D58F7 /* AdSupport.framework */; };
		84B822471E241E2B004D58F7 /* ComposeViewController.swift in Sources */ = {isa = PBXBuildFile; fileRef = 84B822461E241E2B004D58F7 /* ComposeViewController.swift */; };
		84B822491E24227A004D58F7 /* TargetPageViewController.swift in Sources */ = {isa = PBXBuildFile; fileRef = 84B822481E24227A004D58F7 /* TargetPageViewController.swift */; };
		84DA422D1E2C682F0001DF7D /* DashboardViewController.swift in Sources */ = {isa = PBXBuildFile; fileRef = 84DA422C1E2C682F0001DF7D /* DashboardViewController.swift */; };
		84E476461E6084E800B9C289 /* RegisterViewController.swift in Sources */ = {isa = PBXBuildFile; fileRef = 84E476451E6084E800B9C289 /* RegisterViewController.swift */; };
		84E476481E608D5D00B9C289 /* ForgotPasswordViewController.swift in Sources */ = {isa = PBXBuildFile; fileRef = 84E476471E608D5D00B9C289 /* ForgotPasswordViewController.swift */; };
		84E4764A1E60950E00B9C289 /* HomeViewController.swift in Sources */ = {isa = PBXBuildFile; fileRef = 84E476491E60950E00B9C289 /* HomeViewController.swift */; };
		84E4764E1E609B3200B9C289 /* LoginViewController.swift in Sources */ = {isa = PBXBuildFile; fileRef = 84E4764D1E609B3200B9C289 /* LoginViewController.swift */; };
		84F2D0DA1E3BEDA300AC023D /* ShowTargetViewController.swift in Sources */ = {isa = PBXBuildFile; fileRef = 84F2D0D91E3BEDA300AC023D /* ShowTargetViewController.swift */; };
		9752CA5DFC516F7E7C67750E /* Pods_targetmoneysaveapp.framework in Frameworks */ = {isa = PBXBuildFile; fileRef = 1920537218AE101DD80D692A /* Pods_targetmoneysaveapp.framework */; };
/* End PBXBuildFile section */

/* Begin PBXFileReference section */
		1920537218AE101DD80D692A /* Pods_targetmoneysaveapp.framework */ = {isa = PBXFileReference; explicitFileType = wrapper.framework; includeInIndex = 0; path = Pods_targetmoneysaveapp.framework; sourceTree = BUILT_PRODUCTS_DIR; };
		3D3F3A0E7AFB7BBF7B75DD8B /* Pods-targetmoneysaveapp.debug.xcconfig */ = {isa = PBXFileReference; includeInIndex = 1; lastKnownFileType = text.xcconfig; name = "Pods-targetmoneysaveapp.debug.xcconfig"; path = "Pods/Target Support Files/Pods-targetmoneysaveapp/Pods-targetmoneysaveapp.debug.xcconfig"; sourceTree = "<group>"; };
		417314531158CAA55E522A3E /* Pods-targetmoneysaveapp.release.xcconfig */ = {isa = PBXFileReference; includeInIndex = 1; lastKnownFileType = text.xcconfig; name = "Pods-targetmoneysaveapp.release.xcconfig"; path = "Pods/Target Support Files/Pods-targetmoneysaveapp/Pods-targetmoneysaveapp.release.xcconfig"; sourceTree = "<group>"; };
		8441B4571E4F0D220072C8C5 /* testNotificationViewController.swift */ = {isa = PBXFileReference; fileEncoding = 4; lastKnownFileType = sourcecode.swift; path = testNotificationViewController.swift; sourceTree = "<group>"; };
		844418B31E3A6A23000DF349 /* SignupViewController.swift */ = {isa = PBXFileReference; fileEncoding = 4; lastKnownFileType = sourcecode.swift; path = SignupViewController.swift; sourceTree = "<group>"; };
		844418B51E3A6AE7000DF349 /* SigninViewController.swift */ = {isa = PBXFileReference; fileEncoding = 4; lastKnownFileType = sourcecode.swift; path = SigninViewController.swift; sourceTree = "<group>"; };
		844418B71E3A7D15000DF349 /* ProfileViewController.swift */ = {isa = PBXFileReference; fileEncoding = 4; lastKnownFileType = sourcecode.swift; path = ProfileViewController.swift; sourceTree = "<group>"; };
		845FE9391E34A09F00674826 /* targetmoneysaveapp.entitlements */ = {isa = PBXFileReference; lastKnownFileType = text.plist.entitlements; path = targetmoneysaveapp.entitlements; sourceTree = "<group>"; };
		84690E051E6130840038C490 /* ProfileUserViewController.swift */ = {isa = PBXFileReference; fileEncoding = 4; lastKnownFileType = sourcecode.swift; path = ProfileUserViewController.swift; sourceTree = "<group>"; };
		84690E071E613E120038C490 /* StatusMoneyTableViewCell.swift */ = {isa = PBXFileReference; fileEncoding = 4; lastKnownFileType = sourcecode.swift; path = StatusMoneyTableViewCell.swift; sourceTree = "<group>"; };
		84690E091E61437D0038C490 /* MoneyData.swift */ = {isa = PBXFileReference; fileEncoding = 4; lastKnownFileType = sourcecode.swift; path = MoneyData.swift; sourceTree = "<group>"; };
		84690E0B1E6161290038C490 /* AddNameTargetViewController.swift */ = {isa = PBXFileReference; fileEncoding = 4; lastKnownFileType = sourcecode.swift; path = AddNameTargetViewController.swift; sourceTree = "<group>"; };
		8481A7A21E5E1161003F0ADB /* Const.swift */ = {isa = PBXFileReference; fileEncoding = 4; lastKnownFileType = sourcecode.swift; path = Const.swift; sourceTree = "<group>"; };
		8481A7A41E5E140C003F0ADB /* MessageData.swift */ = {isa = PBXFileReference; fileEncoding = 4; lastKnownFileType = sourcecode.swift; path = MessageData.swift; sourceTree = "<group>"; };
		84B8222D1E240B5C004D58F7 /* targetmoneysaveapp.app */ = {isa = PBXFileReference; explicitFileType = wrapper.application; includeInIndex = 0; path = targetmoneysaveapp.app; sourceTree = BUILT_PRODUCTS_DIR; };
		84B822301E240B5C004D58F7 /* AppDelegate.swift */ = {isa = PBXFileReference; lastKnownFileType = sourcecode.swift; path = AppDelegate.swift; sourceTree = "<group>"; };
		84B822321E240B5C004D58F7 /* ViewController.swift */ = {isa = PBXFileReference; lastKnownFileType = sourcecode.swift; path = ViewController.swift; sourceTree = "<group>"; };
		84B822351E240B5C004D58F7 /* Base */ = {isa = PBXFileReference; lastKnownFileType = file.storyboard; name = Base; path = Base.lproj/Main.storyboard; sourceTree = "<group>"; };
		84B822371E240B5C004D58F7 /* Assets.xcassets */ = {isa = PBXFileReference; lastKnownFileType = folder.assetcatalog; path = Assets.xcassets; sourceTree = "<group>"; };
		84B8223A1E240B5C004D58F7 /* Base */ = {isa = PBXFileReference; lastKnownFileType = file.storyboard; name = Base; path = Base.lproj/LaunchScreen.storyboard; sourceTree = "<group>"; };
		84B8223C1E240B5C004D58F7 /* Info.plist */ = {isa = PBXFileReference; lastKnownFileType = text.plist.xml; path = Info.plist; sourceTree = "<group>"; };
		84B822421E240C54004D58F7 /* GoogleService-Info.plist */ = {isa = PBXFileReference; fileEncoding = 4; lastKnownFileType = text.plist.xml; path = "GoogleService-Info.plist"; sourceTree = "<group>"; };
		84B822441E24112B004D58F7 /* AdSupport.framework */ = {isa = PBXFileReference; lastKnownFileType = wrapper.framework; name = AdSupport.framework; path = System/Library/Frameworks/AdSupport.framework; sourceTree = SDKROOT; };
		84B822461E241E2B004D58F7 /* ComposeViewController.swift */ = {isa = PBXFileReference; fileEncoding = 4; lastKnownFileType = sourcecode.swift; path = ComposeViewController.swift; sourceTree = "<group>"; };
		84B822481E24227A004D58F7 /* TargetPageViewController.swift */ = {isa = PBXFileReference; fileEncoding = 4; lastKnownFileType = sourcecode.swift; path = TargetPageViewController.swift; sourceTree = "<group>"; };
		84DA422C1E2C682F0001DF7D /* DashboardViewController.swift */ = {isa = PBXFileReference; fileEncoding = 4; lastKnownFileType = sourcecode.swift; path = DashboardViewController.swift; sourceTree = "<group>"; };
		84E476451E6084E800B9C289 /* RegisterViewController.swift */ = {isa = PBXFileReference; fileEncoding = 4; lastKnownFileType = sourcecode.swift; path = RegisterViewController.swift; sourceTree = "<group>"; };
		84E476471E608D5D00B9C289 /* ForgotPasswordViewController.swift */ = {isa = PBXFileReference; fileEncoding = 4; lastKnownFileType = sourcecode.swift; name = ForgotPasswordViewController.swift; path = ../ForgotPasswordViewController.swift; sourceTree = "<group>"; };
		84E476491E60950E00B9C289 /* HomeViewController.swift */ = {isa = PBXFileReference; fileEncoding = 4; lastKnownFileType = sourcecode.swift; path = HomeViewController.swift; sourceTree = "<group>"; };
		84E4764D1E609B3200B9C289 /* LoginViewController.swift */ = {isa = PBXFileReference; fileEncoding = 4; lastKnownFileType = sourcecode.swift; path = LoginViewController.swift; sourceTree = "<group>"; };
		84F2D0D91E3BEDA300AC023D /* ShowTargetViewController.swift */ = {isa = PBXFileReference; fileEncoding = 4; lastKnownFileType = sourcecode.swift; path = ShowTargetViewController.swift; sourceTree = "<group>"; };
/* End PBXFileReference section */

/* Begin PBXFrameworksBuildPhase section */
		84B8222A1E240B5C004D58F7 /* Frameworks */ = {
			isa = PBXFrameworksBuildPhase;
			buildActionMask = 2147483647;
			files = (
				84B822451E24112B004D58F7 /* AdSupport.framework in Frameworks */,
				9752CA5DFC516F7E7C67750E /* Pods_targetmoneysaveapp.framework in Frameworks */,
			);
			runOnlyForDeploymentPostprocessing = 0;
		};
/* End PBXFrameworksBuildPhase section */

/* Begin PBXGroup section */
		0A1D91B9DB6ABBA5A77BEA68 /* Frameworks */ = {
			isa = PBXGroup;
			children = (
				84B822441E24112B004D58F7 /* AdSupport.framework */,
				1920537218AE101DD80D692A /* Pods_targetmoneysaveapp.framework */,
			);
			name = Frameworks;
			sourceTree = "<group>";
		};
		84B822241E240B5C004D58F7 = {
			isa = PBXGroup;
			children = (
				84B8222F1E240B5C004D58F7 /* targetmoneysaveapp */,
				84B8222E1E240B5C004D58F7 /* Products */,
				9889EA27E8BF6C4AAED9B26F /* Pods */,
				0A1D91B9DB6ABBA5A77BEA68 /* Frameworks */,
			);
			sourceTree = "<group>";
		};
		84B8222E1E240B5C004D58F7 /* Products */ = {
			isa = PBXGroup;
			children = (
				84B8222D1E240B5C004D58F7 /* targetmoneysaveapp.app */,
			);
			name = Products;
			sourceTree = "<group>";
		};
		84B8222F1E240B5C004D58F7 /* targetmoneysaveapp */ = {
			isa = PBXGroup;
			children = (
				845FE9391E34A09F00674826 /* targetmoneysaveapp.entitlements */,
				84B822301E240B5C004D58F7 /* AppDelegate.swift */,
				84B822321E240B5C004D58F7 /* ViewController.swift */,
				84B822461E241E2B004D58F7 /* ComposeViewController.swift */,
				84B822481E24227A004D58F7 /* TargetPageViewController.swift */,
				84DA422C1E2C682F0001DF7D /* DashboardViewController.swift */,
				844418B31E3A6A23000DF349 /* SignupViewController.swift */,
				844418B51E3A6AE7000DF349 /* SigninViewController.swift */,
				844418B71E3A7D15000DF349 /* ProfileViewController.swift */,
				84F2D0D91E3BEDA300AC023D /* ShowTargetViewController.swift */,
				8441B4571E4F0D220072C8C5 /* testNotificationViewController.swift */,
				8481A7A41E5E140C003F0ADB /* MessageData.swift */,
				84B822341E240B5C004D58F7 /* Main.storyboard */,
				84B822371E240B5C004D58F7 /* Assets.xcassets */,
				84B822391E240B5C004D58F7 /* LaunchScreen.storyboard */,
				84B8223C1E240B5C004D58F7 /* Info.plist */,
				84B822421E240C54004D58F7 /* GoogleService-Info.plist */,
				8481A7A21E5E1161003F0ADB /* Const.swift */,
				84E476451E6084E800B9C289 /* RegisterViewController.swift */,
				84E476471E608D5D00B9C289 /* ForgotPasswordViewController.swift */,
				84E4764D1E609B3200B9C289 /* LoginViewController.swift */,
				84690E051E6130840038C490 /* ProfileUserViewController.swift */,
				84E476491E60950E00B9C289 /* HomeViewController.swift */,
				84690E071E613E120038C490 /* StatusMoneyTableViewCell.swift */,
				84690E091E61437D0038C490 /* MoneyData.swift */,
				84690E0B1E6161290038C490 /* AddNameTargetViewController.swift */,
			);
			path = targetmoneysaveapp;
			sourceTree = "<group>";
		};
		9889EA27E8BF6C4AAED9B26F /* Pods */ = {
			isa = PBXGroup;
			children = (
				3D3F3A0E7AFB7BBF7B75DD8B /* Pods-targetmoneysaveapp.debug.xcconfig */,
				417314531158CAA55E522A3E /* Pods-targetmoneysaveapp.release.xcconfig */,
			);
			name = Pods;
			sourceTree = "<group>";
		};
/* End PBXGroup section */

/* Begin PBXNativeTarget section */
		84B8222C1E240B5C004D58F7 /* targetmoneysaveapp */ = {
			isa = PBXNativeTarget;
			buildConfigurationList = 84B8223F1E240B5C004D58F7 /* Build configuration list for PBXNativeTarget "targetmoneysaveapp" */;
			buildPhases = (
				7EB277F7E06D5BE690727124 /* [CP] Check Pods Manifest.lock */,
				84B822291E240B5C004D58F7 /* Sources */,
				84B8222A1E240B5C004D58F7 /* Frameworks */,
				84B8222B1E240B5C004D58F7 /* Resources */,
				027BA4C7CE37554E40B8B951 /* [CP] Embed Pods Frameworks */,
				4B32D8BD319D6ED876EF7656 /* [CP] Copy Pods Resources */,
			);
			buildRules = (
			);
			dependencies = (
			);
			name = targetmoneysaveapp;
			productName = targetmoneysaveapp;
			productReference = 84B8222D1E240B5C004D58F7 /* targetmoneysaveapp.app */;
			productType = "com.apple.product-type.application";
		};
/* End PBXNativeTarget section */

/* Begin PBXProject section */
		84B822251E240B5C004D58F7 /* Project object */ = {
			isa = PBXProject;
			attributes = {
				LastSwiftUpdateCheck = 0820;
				LastUpgradeCheck = 0820;
				ORGANIZATIONNAME = "Apple Macintosh";
				TargetAttributes = {
					84B8222C1E240B5C004D58F7 = {
						CreatedOnToolsVersion = 8.2.1;
						DevelopmentTeam = G3Z6Q26APU;
						ProvisioningStyle = Automatic;
						SystemCapabilities = {
							com.apple.Keychain = {
								enabled = 1;
							};
						};
					};
				};
			};
			buildConfigurationList = 84B822281E240B5C004D58F7 /* Build configuration list for PBXProject "targetmoneysaveapp" */;
			compatibilityVersion = "Xcode 3.2";
			developmentRegion = English;
			hasScannedForEncodings = 0;
			knownRegions = (
				en,
				Base,
			);
			mainGroup = 84B822241E240B5C004D58F7;
			productRefGroup = 84B8222E1E240B5C004D58F7 /* Products */;
			projectDirPath = "";
			projectRoot = "";
			targets = (
				84B8222C1E240B5C004D58F7 /* targetmoneysaveapp */,
			);
		};
/* End PBXProject section */

/* Begin PBXResourcesBuildPhase section */
		84B8222B1E240B5C004D58F7 /* Resources */ = {
			isa = PBXResourcesBuildPhase;
			buildActionMask = 2147483647;
			files = (
				84B822431E240C54004D58F7 /* GoogleService-Info.plist in Resources */,
				84B8223B1E240B5C004D58F7 /* LaunchScreen.storyboard in Resources */,
				84B822381E240B5C004D58F7 /* Assets.xcassets in Resources */,
				84B822361E240B5C004D58F7 /* Main.storyboard in Resources */,
			);
			runOnlyForDeploymentPostprocessing = 0;
		};
/* End PBXResourcesBuildPhase section */

/* Begin PBXShellScriptBuildPhase section */
		027BA4C7CE37554E40B8B951 /* [CP] Embed Pods Frameworks */ = {
			isa = PBXShellScriptBuildPhase;
			buildActionMask = 2147483647;
			files = (
			);
			inputPaths = (
			);
			name = "[CP] Embed Pods Frameworks";
			outputPaths = (
			);
			runOnlyForDeploymentPostprocessing = 0;
			shellPath = /bin/sh;
			shellScript = "\"${SRCROOT}/Pods/Target Support Files/Pods-targetmoneysaveapp/Pods-targetmoneysaveapp-frameworks.sh\"\n";
			showEnvVarsInLog = 0;
		};
		4B32D8BD319D6ED876EF7656 /* [CP] Copy Pods Resources */ = {
			isa = PBXShellScriptBuildPhase;
			buildActionMask = 2147483647;
			files = (
			);
			inputPaths = (
			);
			name = "[CP] Copy Pods Resources";
			outputPaths = (
			);
			runOnlyForDeploymentPostprocessing = 0;
			shellPath = /bin/sh;
			shellScript = "\"${SRCROOT}/Pods/Target Support Files/Pods-targetmoneysaveapp/Pods-targetmoneysaveapp-resources.sh\"\n";
			showEnvVarsInLog = 0;
		};
		7EB277F7E06D5BE690727124 /* [CP] Check Pods Manifest.lock */ = {
			isa = PBXShellScriptBuildPhase;
			buildActionMask = 2147483647;
			files = (
			);
			inputPaths = (
			);
			name = "[CP] Check Pods Manifest.lock";
			outputPaths = (
			);
			runOnlyForDeploymentPostprocessing = 0;
			shellPath = /bin/sh;
			shellScript = "diff \"${PODS_ROOT}/../Podfile.lock\" \"${PODS_ROOT}/Manifest.lock\" > /dev/null\nif [ $? != 0 ] ; then\n    # print error to STDERR\n    echo \"error: The sandbox is not in sync with the Podfile.lock. Run 'pod install' or update your CocoaPods installation.\" >&2\n    exit 1\nfi\n";
			showEnvVarsInLog = 0;
		};
/* End PBXShellScriptBuildPhase section */

/* Begin PBXSourcesBuildPhase section */
		84B822291E240B5C004D58F7 /* Sources */ = {
			isa = PBXSourcesBuildPhase;
			buildActionMask = 2147483647;
			files = (
				84F2D0DA1E3BEDA300AC023D /* ShowTargetViewController.swift in Sources */,
				84B822491E24227A004D58F7 /* TargetPageViewController.swift in Sources */,
				844418B41E3A6A23000DF349 /* SignupViewController.swift in Sources */,
				84B822471E241E2B004D58F7 /* ComposeViewController.swift in Sources */,
				84DA422D1E2C682F0001DF7D /* DashboardViewController.swift in Sources */,
				844418B61E3A6AE7000DF349 /* SigninViewController.swift in Sources */,
				84B822331E240B5C004D58F7 /* ViewController.swift in Sources */,
				8481A7A51E5E140C003F0ADB /* MessageData.swift in Sources */,
				8441B4581E4F0D220072C8C5 /* testNotificationViewController.swift in Sources */,
				84E476461E6084E800B9C289 /* RegisterViewController.swift in Sources */,
				84690E081E613E120038C490 /* StatusMoneyTableViewCell.swift in Sources */,
				844418B81E3A7D15000DF349 /* ProfileViewController.swift in Sources */,
				84690E0C1E6161290038C490 /* AddNameTargetViewController.swift in Sources */,
				84690E061E6130840038C490 /* ProfileUserViewController.swift in Sources */,
				84E4764A1E60950E00B9C289 /* HomeViewController.swift in Sources */,
				84E4764E1E609B3200B9C289 /* LoginViewController.swift in Sources */,
				84E476481E608D5D00B9C289 /* ForgotPasswordViewController.swift in Sources */,
				84B822311E240B5C004D58F7 /* AppDelegate.swift in Sources */,
				8481A7A31E5E1161003F0ADB /* Const.swift in Sources */,
				84690E0A1E61437D0038C490 /* MoneyData.swift in Sources */,
			);
			runOnlyForDeploymentPostprocessing = 0;
		};
/* End PBXSourcesBuildPhase section */

/* Begin PBXVariantGroup section */
		84B822341E240B5C004D58F7 /* Main.storyboard */ = {
			isa = PBXVariantGroup;
			children = (
				84B822351E240B5C004D58F7 /* Base */,
			);
			name = Main.storyboard;
			sourceTree = "<group>";
		};
		84B822391E240B5C004D58F7 /* LaunchScreen.storyboard */ = {
			isa = PBXVariantGroup;
			children = (
				84B8223A1E240B5C004D58F7 /* Base */,
			);
			name = LaunchScreen.storyboard;
			sourceTree = "<group>";
		};
/* End PBXVariantGroup section */

/* Begin XCBuildConfiguration section */
		84B8223D1E240B5C004D58F7 /* Debug */ = {
			isa = XCBuildConfiguration;
			buildSettings = {
				ALWAYS_SEARCH_USER_PATHS = NO;
				CLANG_ANALYZER_NONNULL = YES;
				CLANG_CXX_LANGUAGE_STANDARD = "gnu++0x";
				CLANG_CXX_LIBRARY = "libc++";
				CLANG_ENABLE_MODULES = YES;
				CLANG_ENABLE_OBJC_ARC = YES;
				CLANG_WARN_BOOL_CONVERSION = YES;
				CLANG_WARN_CONSTANT_CONVERSION = YES;
				CLANG_WARN_DIRECT_OBJC_ISA_USAGE = YES_ERROR;
				CLANG_WARN_DOCUMENTATION_COMMENTS = YES;
				CLANG_WARN_EMPTY_BODY = YES;
				CLANG_WARN_ENUM_CONVERSION = YES;
				CLANG_WARN_INFINITE_RECURSION = YES;
				CLANG_WARN_INT_CONVERSION = YES;
				CLANG_WARN_OBJC_ROOT_CLASS = YES_ERROR;
				CLANG_WARN_SUSPICIOUS_MOVE = YES;
				CLANG_WARN_UNREACHABLE_CODE = YES;
				CLANG_WARN__DUPLICATE_METHOD_MATCH = YES;
				"CODE_SIGN_IDENTITY[sdk=iphoneos*]" = "iPhone Developer";
				COPY_PHASE_STRIP = NO;
				DEBUG_INFORMATION_FORMAT = dwarf;
				ENABLE_STRICT_OBJC_MSGSEND = YES;
				ENABLE_TESTABILITY = YES;
				GCC_C_LANGUAGE_STANDARD = gnu99;
				GCC_DYNAMIC_NO_PIC = NO;
				GCC_NO_COMMON_BLOCKS = YES;
				GCC_OPTIMIZATION_LEVEL = 0;
				GCC_PREPROCESSOR_DEFINITIONS = (
					"DEBUG=1",
					"$(inherited)",
				);
				GCC_WARN_64_TO_32_BIT_CONVERSION = YES;
				GCC_WARN_ABOUT_RETURN_TYPE = YES_ERROR;
				GCC_WARN_UNDECLARED_SELECTOR = YES;
				GCC_WARN_UNINITIALIZED_AUTOS = YES_AGGRESSIVE;
				GCC_WARN_UNUSED_FUNCTION = YES;
				GCC_WARN_UNUSED_VARIABLE = YES;
				IPHONEOS_DEPLOYMENT_TARGET = 10.2;
				MTL_ENABLE_DEBUG_INFO = YES;
				ONLY_ACTIVE_ARCH = YES;
				SDKROOT = iphoneos;
				SWIFT_ACTIVE_COMPILATION_CONDITIONS = DEBUG;
				SWIFT_OPTIMIZATION_LEVEL = "-Onone";
			};
			name = Debug;
		};
		84B8223E1E240B5C004D58F7 /* Release */ = {
			isa = XCBuildConfiguration;
			buildSettings = {
				ALWAYS_SEARCH_USER_PATHS = NO;
				CLANG_ANALYZER_NONNULL = YES;
				CLANG_CXX_LANGUAGE_STANDARD = "gnu++0x";
				CLANG_CXX_LIBRARY = "libc++";
				CLANG_ENABLE_MODULES = YES;
				CLANG_ENABLE_OBJC_ARC = YES;
				CLANG_WARN_BOOL_CONVERSION = YES;
				CLANG_WARN_CONSTANT_CONVERSION = YES;
				CLANG_WARN_DIRECT_OBJC_ISA_USAGE = YES_ERROR;
				CLANG_WARN_DOCUMENTATION_COMMENTS = YES;
				CLANG_WARN_EMPTY_BODY = YES;
				CLANG_WARN_ENUM_CONVERSION = YES;
				CLANG_WARN_INFINITE_RECURSION = YES;
				CLANG_WARN_INT_CONVERSION = YES;
				CLANG_WARN_OBJC_ROOT_CLASS = YES_ERROR;
				CLANG_WARN_SUSPICIOUS_MOVE = YES;
				CLANG_WARN_UNREACHABLE_CODE = YES;
				CLANG_WARN__DUPLICATE_METHOD_MATCH = YES;
				"CODE_SIGN_IDENTITY[sdk=iphoneos*]" = "iPhone Developer";
				COPY_PHASE_STRIP = NO;
				DEBUG_INFORMATION_FORMAT = "dwarf-with-dsym";
				ENABLE_NS_ASSERTIONS = NO;
				ENABLE_STRICT_OBJC_MSGSEND = YES;
				GCC_C_LANGUAGE_STANDARD = gnu99;
				GCC_NO_COMMON_BLOCKS = YES;
				GCC_WARN_64_TO_32_BIT_CONVERSION = YES;
				GCC_WARN_ABOUT_RETURN_TYPE = YES_ERROR;
				GCC_WARN_UNDECLARED_SELECTOR = YES;
				GCC_WARN_UNINITIALIZED_AUTOS = YES_AGGRESSIVE;
				GCC_WARN_UNUSED_FUNCTION = YES;
				GCC_WARN_UNUSED_VARIABLE = YES;
				IPHONEOS_DEPLOYMENT_TARGET = 10.2;
				MTL_ENABLE_DEBUG_INFO = NO;
				SDKROOT = iphoneos;
				SWIFT_OPTIMIZATION_LEVEL = "-Owholemodule";
				VALIDATE_PRODUCT = YES;
			};
			name = Release;
		};
		84B822401E240B5C004D58F7 /* Debug */ = {
			isa = XCBuildConfiguration;
			baseConfigurationReference = 3D3F3A0E7AFB7BBF7B75DD8B /* Pods-targetmoneysaveapp.debug.xcconfig */;
			buildSettings = {
				ASSETCATALOG_COMPILER_APPICON_NAME = AppIcon;
				CODE_SIGN_ENTITLEMENTS = targetmoneysaveapp/targetmoneysaveapp.entitlements;
				"CODE_SIGN_IDENTITY[sdk=iphoneos*]" = "iPhone Developer";
				DEVELOPMENT_TEAM = G3Z6Q26APU;
				INFOPLIST_FILE = targetmoneysaveapp/Info.plist;
				LD_RUNPATH_SEARCH_PATHS = "$(inherited) @executable_path/Frameworks";
				PRODUCT_BUNDLE_IDENTIFIER = grdmn.targetmoneysaveapp;
				PRODUCT_NAME = "$(TARGET_NAME)";
				SWIFT_VERSION = 3.0;
			};
			name = Debug;
		};
		84B822411E240B5C004D58F7 /* Release */ = {
			isa = XCBuildConfiguration;
			baseConfigurationReference = 417314531158CAA55E522A3E /* Pods-targetmoneysaveapp.release.xcconfig */;
			buildSettings = {
				ASSETCATALOG_COMPILER_APPICON_NAME = AppIcon;
				CODE_SIGN_ENTITLEMENTS = targetmoneysaveapp/targetmoneysaveapp.entitlements;
				"CODE_SIGN_IDENTITY[sdk=iphoneos*]" = "iPhone Developer";
				DEVELOPMENT_TEAM = G3Z6Q26APU;
				INFOPLIST_FILE = targetmoneysaveapp/Info.plist;
				LD_RUNPATH_SEARCH_PATHS = "$(inherited) @executable_path/Frameworks";
				PRODUCT_BUNDLE_IDENTIFIER = grdmn.targetmoneysaveapp;
				PRODUCT_NAME = "$(TARGET_NAME)";
				SWIFT_VERSION = 3.0;
			};
			name = Release;
		};
/* End XCBuildConfiguration section */

/* Begin XCConfigurationList section */
		84B822281E240B5C004D58F7 /* Build configuration list for PBXProject "targetmoneysaveapp" */ = {
			isa = XCConfigurationList;
			buildConfigurations = (
				84B8223D1E240B5C004D58F7 /* Debug */,
				84B8223E1E240B5C004D58F7 /* Release */,
			);
			defaultConfigurationIsVisible = 0;
			defaultConfigurationName = Release;
		};
		84B8223F1E240B5C004D58F7 /* Build configuration list for PBXNativeTarget "targetmoneysaveapp" */ = {
			isa = XCConfigurationList;
			buildConfigurations = (
				84B822401E240B5C004D58F7 /* Debug */,
				84B822411E240B5C004D58F7 /* Release */,
			);
			defaultConfigurationIsVisible = 0;
			defaultConfigurationName = Release;
		};
/* End XCConfigurationList section */
	};
	rootObject = 84B822251E240B5C004D58F7 /* Project object */;
}
